
Microsoft Visual Studio Solution File, Format Version 12.00
# Visual Studio Version 16
VisualStudioVersion = 16.0.28407.52
MinimumVisualStudioVersion = 10.0.40219.1
Project("{FAE04EC0-301F-11D3-BF4B-00C04F79EFBC}") = "Red Dragon SRE", "Red Dragon SRE\Red Dragon SRE.csproj", "{0413C522-8AF6-4450-B957-78CE568B3A7B}"
EndProject
Project("{FAE04EC0-301F-11D3-BF4B-00C04F79EFBC}") = "Azvre.RedDragon.Controls", "Azvre.RedDragon.Controls\Azvre.RedDragon.Controls.csproj", "{98045A0F-34E9-4127-AD30-C6A74B332C1D}"
EndProject
Global
	GlobalSection(SolutionConfigurationPlatforms) = preSolution
		Debug|Any CPU = Debug|Any CPU
		Release|Any CPU = Release|Any CPU
	EndGlobalSection
	GlobalSection(ProjectConfigurationPlatforms) = postSolution
		{0413C522-8AF6-4450-B957-78CE568B3A7B}.Debug|Any CPU.ActiveCfg = Debug|Any CPU
		{0413C522-8AF6-4450-B957-78CE568B3A7B}.Debug|Any CPU.Build.0 = Debug|Any CPU
		{0413C522-8AF6-4450-B957-78CE568B3A7B}.Release|Any CPU.ActiveCfg = Release|Any CPU
		{0413C522-8AF6-4450-B957-78CE568B3A7B}.Release|Any CPU.Build.0 = Release|Any CPU
		{98045A0F-34E9-4127-AD30-C6A74B332C1D}.Debug|Any CPU.ActiveCfg = Debug|Any CPU
		{98045A0F-34E9-4127-AD30-C6A74B332C1D}.Debug|Any CPU.Build.0 = Debug|Any CPU
		{98045A0F-34E9-4127-AD30-C6A74B332C1D}.Release|Any CPU.ActiveCfg = Release|Any CPU
		{98045A0F-34E9-4127-AD30-C6A74B332C1D}.Release|Any CPU.Build.0 = Release|Any CPU
	EndGlobalSection
	GlobalSection(SolutionProperties) = preSolution
		HideSolutionNode = FALSE
	EndGlobalSection
	GlobalSection(ExtensibilityGlobals) = postSolution
		SolutionGuid = {5C3EB012-6A3A-4C8C-94F8-3B36542615BA}
	EndGlobalSection
EndGlobal
